
Microsoft Visual Studio Solution File, Format Version 12.00
# Visual Studio Version 17
VisualStudioVersion = 17.0.31611.283
MinimumVisualStudioVersion = 10.0.40219.1
Project("{9A19103F-16F7-4668-BE54-9A1E7A4F7556}") = "MauiTemplate", "MauiTemplate\MauiTemplate.csproj", "{AD5E4C62-ED73-478F-A71A-33D4B912CE46}"
EndProject
Project("{9A19103F-16F7-4668-BE54-9A1E7A4F7556}") = "Data", "Data\Data.csproj", "{EA0A7442-FEA5-45C0-A4A9-35E3794E89CB}"
EndProject
Project("{9A19103F-16F7-4668-BE54-9A1E7A4F7556}") = "Business", "Business\Business.csproj", "{63B51178-F54C-43F9-AF43-C2CE547A382D}"
EndProject
Project("{FAE04EC0-301F-11D3-BF4B-00C04F79EFBC}") = "EntityLite", "EntityLite\EntityLite.csproj", "{B12CB77C-F9DD-40C4-B5FF-5976E52697CC}"
EndProject
Global
	GlobalSection(SolutionConfigurationPlatforms) = preSolution
		Debug|Any CPU = Debug|Any CPU
		Release|Any CPU = Release|Any CPU
	EndGlobalSection
	GlobalSection(ProjectConfigurationPlatforms) = postSolution
		{AD5E4C62-ED73-478F-A71A-33D4B912CE46}.Debug|Any CPU.ActiveCfg = Debug|Any CPU
		{AD5E4C62-ED73-478F-A71A-33D4B912CE46}.Debug|Any CPU.Build.0 = Debug|Any CPU
		{AD5E4C62-ED73-478F-A71A-33D4B912CE46}.Debug|Any CPU.Deploy.0 = Debug|Any CPU
		{AD5E4C62-ED73-478F-A71A-33D4B912CE46}.Release|Any CPU.ActiveCfg = Release|Any CPU
		{AD5E4C62-ED73-478F-A71A-33D4B912CE46}.Release|Any CPU.Build.0 = Release|Any CPU
		{AD5E4C62-ED73-478F-A71A-33D4B912CE46}.Release|Any CPU.Deploy.0 = Release|Any CPU
		{EA0A7442-FEA5-45C0-A4A9-35E3794E89CB}.Debug|Any CPU.ActiveCfg = Debug|Any CPU
		{EA0A7442-FEA5-45C0-A4A9-35E3794E89CB}.Debug|Any CPU.Build.0 = Debug|Any CPU
		{EA0A7442-FEA5-45C0-A4A9-35E3794E89CB}.Release|Any CPU.ActiveCfg = Release|Any CPU
		{EA0A7442-FEA5-45C0-A4A9-35E3794E89CB}.Release|Any CPU.Build.0 = Release|Any CPU
		{63B51178-F54C-43F9-AF43-C2CE547A382D}.Debug|Any CPU.ActiveCfg = Debug|Any CPU
		{63B51178-F54C-43F9-AF43-C2CE547A382D}.Debug|Any CPU.Build.0 = Debug|Any CPU
		{63B51178-F54C-43F9-AF43-C2CE547A382D}.Release|Any CPU.ActiveCfg = Release|Any CPU
		{63B51178-F54C-43F9-AF43-C2CE547A382D}.Release|Any CPU.Build.0 = Release|Any CPU
		{B12CB77C-F9DD-40C4-B5FF-5976E52697CC}.Debug|Any CPU.ActiveCfg = Debug|Any CPU
		{B12CB77C-F9DD-40C4-B5FF-5976E52697CC}.Debug|Any CPU.Build.0 = Debug|Any CPU
		{B12CB77C-F9DD-40C4-B5FF-5976E52697CC}.Release|Any CPU.ActiveCfg = Release|Any CPU
		{B12CB77C-F9DD-40C4-B5FF-5976E52697CC}.Release|Any CPU.Build.0 = Release|Any CPU
	EndGlobalSection
	GlobalSection(SolutionProperties) = preSolution
		HideSolutionNode = FALSE
	EndGlobalSection
	GlobalSection(ExtensibilityGlobals) = postSolution
		SolutionGuid = {61F7FB11-1E47-470C-91E2-47F8143E1572}
	EndGlobalSection
EndGlobal
